
Microsoft Visual Studio Solution File, Format Version 12.00
# Visual Studio 15
VisualStudioVersion = 15.0.27428.2043
MinimumVisualStudioVersion = 10.0.40219.1
Project("{FAE04EC0-301F-11D3-BF4B-00C04F79EFBC}") = "IE_Lab_Management_System", "WindowsFormsApp1\IE_Lab_Management_System.csproj", "{D3DA268F-45E5-4856-9575-E51DEE8ECB4B}"
EndProject
Global
	GlobalSection(SolutionConfigurationPlatforms) = preSolution
		Debug|Any CPU = Debug|Any CPU
		Release|Any CPU = Release|Any CPU
	EndGlobalSection
	GlobalSection(ProjectConfigurationPlatforms) = postSolution
		{D3DA268F-45E5-4856-9575-E51DEE8ECB4B}.Debug|Any CPU.ActiveCfg = Debug|Any CPU
		{D3DA268F-45E5-4856-9575-E51DEE8ECB4B}.Debug|Any CPU.Build.0 = Debug|Any CPU
		{D3DA268F-45E5-4856-9575-E51DEE8ECB4B}.Release|Any CPU.ActiveCfg = Release|Any CPU
		{D3DA268F-45E5-4856-9575-E51DEE8ECB4B}.Release|Any CPU.Build.0 = Release|Any CPU
	EndGlobalSection
	GlobalSection(SolutionProperties) = preSolution
		HideSolutionNode = FALSE
	EndGlobalSection
	GlobalSection(ExtensibilityGlobals) = postSolution
		SolutionGuid = {A769F995-DF75-43F5-8CB0-85429B065406}
	EndGlobalSection
EndGlobal
